
Microsoft Visual Studio Solution File, Format Version 12.00
# Visual Studio Version 16
VisualStudioVersion = 16.0.29521.150
MinimumVisualStudioVersion = 10.0.40219.1
Project("{2150E333-8FDC-42A3-9474-1A3956D46DE8}") = "Solution Items", "Solution Items", "{A0A467DE-1E3C-4DF9-B366-420556F52D88}"
	ProjectSection(SolutionItems) = preProject
		.dockerignore = .dockerignore
		.gitignore = .gitignore
		README.md = README.md
	EndProjectSection
EndProject
Project("{2150E333-8FDC-42A3-9474-1A3956D46DE8}") = "Presentation", "Presentation", "{21078396-0E20-4007-800C-4568222C27B6}"
EndProject
Project("{2150E333-8FDC-42A3-9474-1A3956D46DE8}") = "Tests", "Tests", "{CEFD9AB0-DDBC-42AE-AB8A-915C41A441FD}"
EndProject
Project("{2150E333-8FDC-42A3-9474-1A3956D46DE8}") = "Src", "Src", "{42BBB62E-593B-47F8-B6B1-A1EA27CD15A1}"
EndProject
Project("{2150E333-8FDC-42A3-9474-1A3956D46DE8}") = "Core", "Core", "{80AB8E47-70AC-4124-8581-AAB9EE7C9EBD}"
EndProject
Project("{2150E333-8FDC-42A3-9474-1A3956D46DE8}") = "Infrastructure", "Infrastructure", "{0F9C024D-46BB-40E6-97D6-D101760A1688}"
EndProject
Project("{9A19103F-16F7-4668-BE54-9A1E7A4F7556}") = "Application", "Application\Application.csproj", "{E9F8505E-E80E-4575-B073-2CF6CC4B397B}"
EndProject
Project("{9A19103F-16F7-4668-BE54-9A1E7A4F7556}") = "Common", "Common\Common.csproj", "{7414CF75-2EF5-4EE3-BD21-56AC2D0A7721}"
EndProject
Project("{9A19103F-16F7-4668-BE54-9A1E7A4F7556}") = "Domain", "Domain\Domain.csproj", "{636C8CC5-3C04-4BB3-B943-CFF457535323}"
EndProject
Project("{9A19103F-16F7-4668-BE54-9A1E7A4F7556}") = "Infrastructure", "Infrastructure\Infrastructure.csproj", "{5F831618-ADC8-4221-98EC-9D2F2C965903}"
EndProject
Project("{9A19103F-16F7-4668-BE54-9A1E7A4F7556}") = "Persistence", "Persistence\Persistence.csproj", "{F27D1EF8-2FE5-4894-9960-12C3EC7047F5}"
EndProject
Project("{9A19103F-16F7-4668-BE54-9A1E7A4F7556}") = "Web", "Web\Web.csproj", "{AFC864EB-5217-4B9B-8873-182ACBDC435D}"
EndProject
Global
	GlobalSection(SolutionConfigurationPlatforms) = preSolution
		Debug|Any CPU = Debug|Any CPU
		Release|Any CPU = Release|Any CPU
	EndGlobalSection
	GlobalSection(ProjectConfigurationPlatforms) = postSolution
		{E9F8505E-E80E-4575-B073-2CF6CC4B397B}.Debug|Any CPU.ActiveCfg = Debug|Any CPU
		{E9F8505E-E80E-4575-B073-2CF6CC4B397B}.Debug|Any CPU.Build.0 = Debug|Any CPU
		{E9F8505E-E80E-4575-B073-2CF6CC4B397B}.Release|Any CPU.ActiveCfg = Release|Any CPU
		{E9F8505E-E80E-4575-B073-2CF6CC4B397B}.Release|Any CPU.Build.0 = Release|Any CPU
		{7414CF75-2EF5-4EE3-BD21-56AC2D0A7721}.Debug|Any CPU.ActiveCfg = Debug|Any CPU
		{7414CF75-2EF5-4EE3-BD21-56AC2D0A7721}.Debug|Any CPU.Build.0 = Debug|Any CPU
		{7414CF75-2EF5-4EE3-BD21-56AC2D0A7721}.Release|Any CPU.ActiveCfg = Release|Any CPU
		{7414CF75-2EF5-4EE3-BD21-56AC2D0A7721}.Release|Any CPU.Build.0 = Release|Any CPU
		{636C8CC5-3C04-4BB3-B943-CFF457535323}.Debug|Any CPU.ActiveCfg = Debug|Any CPU
		{636C8CC5-3C04-4BB3-B943-CFF457535323}.Debug|Any CPU.Build.0 = Debug|Any CPU
		{636C8CC5-3C04-4BB3-B943-CFF457535323}.Release|Any CPU.ActiveCfg = Release|Any CPU
		{636C8CC5-3C04-4BB3-B943-CFF457535323}.Release|Any CPU.Build.0 = Release|Any CPU
		{5F831618-ADC8-4221-98EC-9D2F2C965903}.Debug|Any CPU.ActiveCfg = Debug|Any CPU
		{5F831618-ADC8-4221-98EC-9D2F2C965903}.Debug|Any CPU.Build.0 = Debug|Any CPU
		{5F831618-ADC8-4221-98EC-9D2F2C965903}.Release|Any CPU.ActiveCfg = Release|Any CPU
		{5F831618-ADC8-4221-98EC-9D2F2C965903}.Release|Any CPU.Build.0 = Release|Any CPU
		{F27D1EF8-2FE5-4894-9960-12C3EC7047F5}.Debug|Any CPU.ActiveCfg = Debug|Any CPU
		{F27D1EF8-2FE5-4894-9960-12C3EC7047F5}.Debug|Any CPU.Build.0 = Debug|Any CPU
		{F27D1EF8-2FE5-4894-9960-12C3EC7047F5}.Release|Any CPU.ActiveCfg = Release|Any CPU
		{F27D1EF8-2FE5-4894-9960-12C3EC7047F5}.Release|Any CPU.Build.0 = Release|Any CPU
		{AFC864EB-5217-4B9B-8873-182ACBDC435D}.Debug|Any CPU.ActiveCfg = Debug|Any CPU
		{AFC864EB-5217-4B9B-8873-182ACBDC435D}.Debug|Any CPU.Build.0 = Debug|Any CPU
		{AFC864EB-5217-4B9B-8873-182ACBDC435D}.Release|Any CPU.ActiveCfg = Release|Any CPU
		{AFC864EB-5217-4B9B-8873-182ACBDC435D}.Release|Any CPU.Build.0 = Release|Any CPU
	EndGlobalSection
	GlobalSection(SolutionProperties) = preSolution
		HideSolutionNode = FALSE
	EndGlobalSection
	GlobalSection(NestedProjects) = preSolution
		{21078396-0E20-4007-800C-4568222C27B6} = {42BBB62E-593B-47F8-B6B1-A1EA27CD15A1}
		{80AB8E47-70AC-4124-8581-AAB9EE7C9EBD} = {42BBB62E-593B-47F8-B6B1-A1EA27CD15A1}
		{0F9C024D-46BB-40E6-97D6-D101760A1688} = {42BBB62E-593B-47F8-B6B1-A1EA27CD15A1}
		{E9F8505E-E80E-4575-B073-2CF6CC4B397B} = {80AB8E47-70AC-4124-8581-AAB9EE7C9EBD}
		{7414CF75-2EF5-4EE3-BD21-56AC2D0A7721} = {80AB8E47-70AC-4124-8581-AAB9EE7C9EBD}
		{636C8CC5-3C04-4BB3-B943-CFF457535323} = {80AB8E47-70AC-4124-8581-AAB9EE7C9EBD}
		{5F831618-ADC8-4221-98EC-9D2F2C965903} = {0F9C024D-46BB-40E6-97D6-D101760A1688}
		{F27D1EF8-2FE5-4894-9960-12C3EC7047F5} = {0F9C024D-46BB-40E6-97D6-D101760A1688}
		{AFC864EB-5217-4B9B-8873-182ACBDC435D} = {21078396-0E20-4007-800C-4568222C27B6}
	EndGlobalSection
	GlobalSection(ExtensibilityGlobals) = postSolution
		SolutionGuid = {135786D4-9C7D-4BB2-A34D-589416309201}
	EndGlobalSection
EndGlobal
